
Microsoft Visual Studio Solution File, Format Version 12.00
# Visual Studio 15
VisualStudioVersion = 15.0.28307.1800
MinimumVisualStudioVersion = 10.0.40219.1
Project("{FAE04EC0-301F-11D3-BF4B-00C04F79EFBC}") = "ControleLED-ESP32", "ControleLED-ESP32\ControleLED-ESP32.csproj", "{F6387125-E37D-4E98-8CF8-F38660B3545C}"
EndProject
Global
	GlobalSection(SolutionConfigurationPlatforms) = preSolution
		Debug|Any CPU = Debug|Any CPU
		Release|Any CPU = Release|Any CPU
	EndGlobalSection
	GlobalSection(ProjectConfigurationPlatforms) = postSolution
		{F6387125-E37D-4E98-8CF8-F38660B3545C}.Debug|Any CPU.ActiveCfg = Debug|Any CPU
		{F6387125-E37D-4E98-8CF8-F38660B3545C}.Debug|Any CPU.Build.0 = Debug|Any CPU
		{F6387125-E37D-4E98-8CF8-F38660B3545C}.Release|Any CPU.ActiveCfg = Release|Any CPU
		{F6387125-E37D-4E98-8CF8-F38660B3545C}.Release|Any CPU.Build.0 = Release|Any CPU
	EndGlobalSection
	GlobalSection(SolutionProperties) = preSolution
		HideSolutionNode = FALSE
	EndGlobalSection
	GlobalSection(ExtensibilityGlobals) = postSolution
		SolutionGuid = {716F905F-45BA-4AD8-B004-28843ACA427E}
	EndGlobalSection
EndGlobal
